<?xml version="1.0" encoding="utf-8"?>
<Project ToolsVersion="4.0" xmlns="http://schemas.microsoft.com/developer/msbuild/2003">
  <ItemGroup>
    <ClCompile Include="attackEffect.cpp">
      <Filter>ソースファイル</Filter>
    </ClCompile>
    <ClCompile Include="audio.cpp">
      <Filter>ソースファイル</Filter>
    </ClCompile>
    <ClCompile Include="barricade.cpp">
      <Filter>ソースファイル</Filter>
    </ClCompile>
    <ClCompile Include="brave.cpp">
      <Filter>ソースファイル</Filter>
    </ClCompile>
    <ClCompile Include="braveAttackCollision.cpp">
      <Filter>ソースファイル</Filter>
    </ClCompile>
    <ClCompile Include="braveIcon.cpp">
      <Filter>ソースファイル</Filter>
    </ClCompile>
    <ClCompile Include="castle.cpp">
      <Filter>ソースファイル</Filter>
    </ClCompile>
    <ClCompile Include="castleDiffender.cpp">
      <Filter>ソースファイル</Filter>
    </ClCompile>
    <ClCompile Include="castleIcon.cpp">
      <Filter>ソースファイル</Filter>
    </ClCompile>
    <ClCompile Include="character.cpp">
      <Filter>ソースファイル</Filter>
    </ClCompile>
    <ClCompile Include="console.cpp">
      <Filter>ソースファイル</Filter>
    </ClCompile>
    <ClCompile Include="dashboard.cpp">
      <Filter>ソースファイル</Filter>
    </ClCompile>
    <ClCompile Include="enemy.cpp">
      <Filter>ソースファイル</Filter>
    </ClCompile>
    <ClCompile Include="enemyAttackCollision.cpp">
      <Filter>ソースファイル</Filter>
    </ClCompile>
    <ClCompile Include="entity.cpp">
      <Filter>ソースファイル</Filter>
    </ClCompile>
    <ClCompile Include="fire.cpp">
      <Filter>ソースファイル</Filter>
    </ClCompile>
    <ClCompile Include="game.cpp">
      <Filter>ソースファイル</Filter>
    </ClCompile>
    <ClCompile Include="graphics.cpp">
      <Filter>ソースファイル</Filter>
    </ClCompile>
    <ClCompile Include="hitEffect.cpp">
      <Filter>ソースファイル</Filter>
    </ClCompile>
    <ClCompile Include="hpTextImage.cpp">
      <Filter>ソースファイル</Filter>
    </ClCompile>
    <ClCompile Include="Image.cpp">
      <Filter>ソースファイル</Filter>
    </ClCompile>
    <ClCompile Include="input.cpp">
      <Filter>ソースファイル</Filter>
    </ClCompile>
    <ClCompile Include="inputDialog.cpp">
      <Filter>ソースファイル</Filter>
    </ClCompile>
    <ClCompile Include="map.cpp">
      <Filter>ソースファイル</Filter>
    </ClCompile>
    <ClCompile Include="messageDialog.cpp">
      <Filter>ソースファイル</Filter>
    </ClCompile>
    <ClCompile Include="midBoss.cpp">
      <Filter>ソースファイル</Filter>
    </ClCompile>
    <ClCompile Include="mpTextImage.cpp">
      <Filter>ソースファイル</Filter>
    </ClCompile>
    <ClCompile Include="rect.cpp">
      <Filter>ソースファイル</Filter>
    </ClCompile>
    <ClCompile Include="stage.cpp">
      <Filter>ソースファイル</Filter>
    </ClCompile>
    <ClCompile Include="text.cpp">
      <Filter>ソースファイル</Filter>
    </ClCompile>
    <ClCompile Include="textDX.cpp">
      <Filter>ソースファイル</Filter>
    </ClCompile>
    <ClCompile Include="textureManager.cpp">
      <Filter>ソースファイル</Filter>
    </ClCompile>
    <ClCompile Include="winmain.cpp">
      <Filter>ソースファイル</Filter>
    </ClCompile>
  </ItemGroup>
  <ItemGroup>
    <ClInclude Include="textureManager.h">
      <Filter>ヘッダーファイル</Filter>
    </ClInclude>
    <ClInclude Include="audio.h">
      <Filter>ヘッダーファイル</Filter>
    </ClInclude>
    <ClInclude Include="barricade.h">
      <Filter>ヘッダーファイル</Filter>
    </ClInclude>
    <ClInclude Include="brave.h">
      <Filter>ヘッダーファイル</Filter>
    </ClInclude>
    <ClInclude Include="braveAttackCollision.h">
      <Filter>ヘッダーファイル</Filter>
    </ClInclude>
    <ClInclude Include="braveIcon.h">
      <Filter>ヘッダーファイル</Filter>
    </ClInclude>
    <ClInclude Include="castle.h">
      <Filter>ヘッダーファイル</Filter>
    </ClInclude>
    <ClInclude Include="castleDiffender.h">
      <Filter>ヘッダーファイル</Filter>
    </ClInclude>
    <ClInclude Include="castleIcon.h">
      <Filter>ヘッダーファイル</Filter>
    </ClInclude>
    <ClInclude Include="character.h">
      <Filter>ヘッダーファイル</Filter>
    </ClInclude>
    <ClInclude Include="console.h">
      <Filter>ヘッダーファイル</Filter>
    </ClInclude>
    <ClInclude Include="constants.h">
      <Filter>ヘッダーファイル</Filter>
    </ClInclude>
    <ClInclude Include="dashboard.h">
      <Filter>ヘッダーファイル</Filter>
    </ClInclude>
    <ClInclude Include="enemy.h">
      <Filter>ヘッダーファイル</Filter>
    </ClInclude>
    <ClInclude Include="enemyAttackCollision.h">
      <Filter>ヘッダーファイル</Filter>
    </ClInclude>
    <ClInclude Include="entity.h">
      <Filter>ヘッダーファイル</Filter>
    </ClInclude>
    <ClInclude Include="fire.h">
      <Filter>ヘッダーファイル</Filter>
    </ClInclude>
    <ClInclude Include="game.h">
      <Filter>ヘッダーファイル</Filter>
    </ClInclude>
    <ClInclude Include="gameError.h">
      <Filter>ヘッダーファイル</Filter>
    </ClInclude>
    <ClInclude Include="graphics.h">
      <Filter>ヘッダーファイル</Filter>
    </ClInclude>
    <ClInclude Include="hitEffect.h">
      <Filter>ヘッダーファイル</Filter>
    </ClInclude>
    <ClInclude Include="hpTextImage.h">
      <Filter>ヘッダーファイル</Filter>
    </ClInclude>
    <ClInclude Include="image.h">
      <Filter>ヘッダーファイル</Filter>
    </ClInclude>
    <ClInclude Include="input.h">
      <Filter>ヘッダーファイル</Filter>
    </ClInclude>
    <ClInclude Include="inputDialog.h">
      <Filter>ヘッダーファイル</Filter>
    </ClInclude>
    <ClInclude Include="map.h">
      <Filter>ヘッダーファイル</Filter>
    </ClInclude>
    <ClInclude Include="messageDialog.h">
      <Filter>ヘッダーファイル</Filter>
    </ClInclude>
    <ClInclude Include="midBoss.h">
      <Filter>ヘッダーファイル</Filter>
    </ClInclude>
    <ClInclude Include="mpTextImage.h">
      <Filter>ヘッダーファイル</Filter>
    </ClInclude>
    <ClInclude Include="rect.h">
      <Filter>ヘッダーファイル</Filter>
    </ClInclude>
    <ClInclude Include="stage.h">
      <Filter>ヘッダーファイル</Filter>
    </ClInclude>
    <ClInclude Include="text.h">
      <Filter>ヘッダーファイル</Filter>
    </ClInclude>
    <ClInclude Include="textDX.h">
      <Filter>ヘッダーファイル</Filter>
    </ClInclude>
    <ClInclude Include="attackEffect.h">
      <Filter>ヘッダーファイル</Filter>
    </ClInclude>
  </ItemGroup>
  <ItemGroup>
    <Filter Include="ソースファイル">
      <UniqueIdentifier>{e2781c4a-ec51-41d0-9173-b74fde9c8a56}</UniqueIdentifier>
    </Filter>
    <Filter Include="ヘッダーファイル">
      <UniqueIdentifier>{690d76cd-90b4-40f3-8bae-3a8372436e6c}</UniqueIdentifier>
    </Filter>
  </ItemGroup>
</Project>